uuid: 07c9a577-7ed1-4bb0-a782-f8432b4d694f
langcode: en
status: true
dependencies:
  config:
    - views.view.recipe_collections
  module:
    - views
  theme:
    - stark
_core:
  default_config_hash: E0HLSvcSJo84yye98a8UbxEugNebWa1XQAmUxBSXuus
id: stark_views_block__recipe_collections_block
theme: stark
region: sidebar_first
weight: 0
provider: null
plugin: 'views_block:recipe_collections-block'
settings:
  id: 'views_block:recipe_collections-block'
  label: ''
  provider: views
  label_display: visible
  views_label: ''
  items_per_page: none
visibility: {  }
