uuid: e7b810b2-8018-4a7e-904e-c6a69df93e63
langcode: en
status: true
dependencies: {  }
_core:
  default_config_hash: 700UcZMAoqwXOP20vQ4DE5Yt7pnZ2niqBFBLHWOsTws
id: banner_block
label: 'Banner block'
revision: 0
description: 'A banner block contains a title, summary, link to content and a background image. The background image is scaled to fill the browser''s width.'
