{
    "_readme": [
        "This file locks the dependencies of your project to a known state",
        "Read more about it at https://getcomposer.org/doc/01-basic-usage.md#installing-dependencies",
        "This file is @generated automatically"
    ],
    "content-hash": "a8dc4cca60ce092805e65c044d3f3aac",
    "packages": [
        {
            "name": "composer/installers",
            "version": "v1.6.0",
            "source": {
                "type": "git",
                "url": "https://github.com/composer/installers.git",
                "reference": "cfcca6b1b60bc4974324efb5783c13dca6932b5b"
            },
            "dist": {
                "type": "zip",
                "url": "https://api.github.com/repos/composer/installers/zipball/cfcca6b1b60bc4974324efb5783c13dca6932b5b",
                "reference": "cfcca6b1b60bc4974324efb5783c13dca6932b5b",
                "shasum": ""
            },
            "require": {
                "composer-plugin-api": "^1.0"
            },
            "replace": {
                "roundcube/plugin-installer": "*",
                "shama/baton": "*"
            },
            "require-dev": {
                "composer/composer": "1.0.*@dev",
                "phpunit/phpunit": "^4.8.36"
            },
            "type": "composer-plugin",
            "extra": {
                "class": "Composer\\Installers\\Plugin",
                "branch-alias": {
                    "dev-master": "1.0-dev"
                }
            },
            "autoload": {
                "psr-4": {
                    "Composer\\Installers\\": "src/Composer/Installers"
                }
            },
            "notification-url": "https://packagist.org/downloads/",
            "license": [
                "MIT"
            ],
            "authors": [
                {
                    "name": "Kyle Robinson Young",
                    "email": "kyle@dontkry.com",
                    "homepage": "https://github.com/shama"
                }
            ],
            "description": "A multi-framework Composer library installer",
            "homepage": "https://composer.github.io/installers/",
            "keywords": [
                "Craft",
                "Dolibarr",
                "Eliasis",
                "Hurad",
                "ImageCMS",
                "Kanboard",
                "Lan Management System",
                "MODX Evo",
                "Mautic",
                "Maya",
                "OXID",
                "Plentymarkets",
                "Porto",
                "RadPHP",
                "SMF",
                "Thelia",
                "WolfCMS",
                "agl",
                "aimeos",
                "annotatecms",
                "attogram",
                "bitrix",
                "cakephp",
                "chef",
                "cockpit",
                "codeigniter",
                "concrete5",
                "croogo",
                "dokuwiki",
                "drupal",
                "eZ Platform",
                "elgg",
                "expressionengine",
                "fuelphp",
                "grav",
                "installer",
                "itop",
                "joomla",
                "kohana",
                "laravel",
                "lavalite",
                "lithium",
                "magento",
                "majima",
                "mako",
                "mediawiki",
                "modulework",
                "modx",
                "moodle",
                "osclass",
                "phpbb",
                "piwik",
                "ppi",
                "puppet",
                "pxcms",
                "reindex",
                "roundcube",
                "shopware",
                "silverstripe",
                "sydes",
                "symfony",
                "typo3",
                "wordpress",
                "yawik",
                "zend",
                "zikula"
            ],
            "time": "2018-08-27T06:10:37+00:00"
        },
        {
            "name": "derhasi/composer-preserve-paths",
            "version": "0.1.4",
            "source": {
                "type": "git",
                "url": "https://github.com/derhasi/composer-preserve-paths.git",
                "reference": "d557250928235fe23e11c86329bd7cef05397648"
            },
            "dist": {
                "type": "zip",
                "url": "https://api.github.com/repos/derhasi/composer-preserve-paths/zipball/d557250928235fe23e11c86329bd7cef05397648",
                "reference": "d557250928235fe23e11c86329bd7cef05397648",
                "shasum": ""
            },
            "require": {
                "composer-plugin-api": "^1.0"
            },
            "require-dev": {
                "composer/composer": "1.*",
                "derhasi/tempdirectory": "0.1.*",
                "escapestudios/symfony2-coding-standard": "2.*",
                "phpunit/phpunit": "4.*",
                "squizlabs/php_codesniffer": "2.*"
            },
            "type": "composer-plugin",
            "extra": {
                "class": "derhasi\\Composer\\Plugin"
            },
            "autoload": {
                "psr-4": {
                    "derhasi\\Composer\\": "src/"
                }
            },
            "notification-url": "https://packagist.org/downloads/",
            "license": [
                "GPL-2.0+"
            ],
            "authors": [
                {
                    "name": "Johannes Haseitl",
                    "email": "johannes@undpaul.de",
                    "homepage": "http://www.undpaul.de"
                }
            ],
            "description": "Composer plugin for preserving custom paths and supporting nested packages",
            "homepage": "https://github.com/derhasi/composer-preserve-paths",
            "keywords": [
                "composer-plugin",
                "custom path",
                "installer",
                "nested package"
            ],
            "abandoned": "drupal-composer/preserve-paths",
            "time": "2017-02-03T11:32:31+00:00"
        },
        {
            "name": "drupal/drupal",
            "version": "7.59.0",
            "source": {
                "type": "git",
                "url": "https://git.drupal.org/project/drupal",
                "reference": "7.59"
            },
            "dist": {
                "type": "zip",
                "url": "https://ftp.drupal.org/files/projects/drupal-7.59.zip",
                "reference": "7.59",
                "shasum": "6f9c6ec087c3e76b880d28b59d7f2afb4587e095"
            },
            "type": "drupal-core",
            "extra": {
                "branch-alias": {
                    "dev-7.x": "7.x-dev"
                },
                "drupal": {
                    "version": "7.59",
                    "datestamp": "1524805044",
                    "security-coverage": {
                        "status": "covered",
                        "message": "Covered by Drupal's security advisory policy"
                    }
                }
            },
            "notification-url": "https://packages.drupal.org/7/downloads",
            "license": [
                "GPL-2.0-or-later"
            ],
            "authors": [
                {
                    "name": "David_Rothstein",
                    "homepage": "https://www.drupal.org/user/124982"
                },
                {
                    "name": "Dries",
                    "homepage": "https://www.drupal.org/user/1"
                },
                {
                    "name": "Drupal",
                    "homepage": "https://www.drupal.org/user/3"
                },
                {
                    "name": "Fabianx",
                    "homepage": "https://www.drupal.org/user/693738"
                },
                {
                    "name": "Gábor Hojtsy",
                    "homepage": "https://www.drupal.org/user/4166"
                },
                {
                    "name": "alexpott",
                    "homepage": "https://www.drupal.org/user/157725"
                },
                {
                    "name": "catch",
                    "homepage": "https://www.drupal.org/user/35733"
                },
                {
                    "name": "cilefen",
                    "homepage": "https://www.drupal.org/user/1850070"
                },
                {
                    "name": "drumm",
                    "homepage": "https://www.drupal.org/user/3064"
                },
                {
                    "name": "effulgentsia",
                    "homepage": "https://www.drupal.org/user/78040"
                },
                {
                    "name": "larowlan",
                    "homepage": "https://www.drupal.org/user/395439"
                },
                {
                    "name": "lauriii",
                    "homepage": "https://www.drupal.org/user/1078742"
                },
                {
                    "name": "plach",
                    "homepage": "https://www.drupal.org/user/183211"
                },
                {
                    "name": "stefan.r",
                    "homepage": "https://www.drupal.org/user/551886"
                },
                {
                    "name": "webchick",
                    "homepage": "https://www.drupal.org/user/24967"
                },
                {
                    "name": "xjm",
                    "homepage": "https://www.drupal.org/user/65776"
                },
                {
                    "name": "yoroy",
                    "homepage": "https://www.drupal.org/user/41502"
                }
            ],
            "homepage": "https://www.drupal.org/project/drupal",
            "support": {
                "source": "http://cgit.drupalcode.org/drupal"
            }
        }
    ],
    "packages-dev": [],
    "aliases": [],
    "minimum-stability": "dev",
    "stability-flags": [],
    "prefer-stable": true,
    "prefer-lowest": false,
    "platform": [],
    "platform-dev": []
}
