uuid: 92059840-3297-46e0-a1ec-b400b303cea8
langcode: en
status: true
dependencies:
  module:
    - search_api_federated_solr
    - system
  theme:
    - bartik
id: federatedsearchpageformblock
theme: bartik
region: sidebar_first
weight: -7
provider: null
plugin: federated_search_page_form_block
settings:
  id: federated_search_page_form_block
  label: 'Federated Search Page Form block'
  provider: search_api_federated_solr
  label_display: '0'
  autocomplete: {  }
visibility:
  request_path:
    id: request_path
    pages: "/search-app\r\n/search-app*"
    negate: true
    context_mapping: {  }
