uuid: 7ffeb7ca-a637-40c1-8e36-098cfe5af1cc
langcode: en
status: true
dependencies:
  module:
    - search_api_federated_solr
  theme:
    - umami
id: federatedsearchpageformblock
theme: umami
region: highlighted
weight: -8
provider: null
plugin: federated_search_page_form_block
settings:
  id: federated_search_page_form_block
  label: 'Federated Search Page Form block'
  provider: search_api_federated_solr
  label_display: '0'
  autocomplete:
    isEnabled: 1
    directUrl: 'http://federated-search-demo.local:8983/solr/drupal8/select?q=[val]&wt=json'
    proxyUrl: 'http://d8.fs-demo.local/search-api-federated-solr/search?q=[val]'
    proxyIsDisabled: 0
    url: 'http://d8.fs-demo.local/search-api-federated-solr/search?q=[val]'
    use_search_app_creds: 0
    mode: result
visibility: {  }
